PODS:
  - Alamofire (4.9.1)
  - FeedKit (7.0.1)
  - Kingfisher (4.10.1)

DEPENDENCIES:
  - Alamofire
  - FeedKit
  - Kingfisher

SPEC REPOS:
  https://github.com/CocoaPods/Specs.git:
    - Alamofire
    - FeedKit
    - Kingfisher

SPEC CHECKSUMS:
  Alamofire: 85e8a02c69d6020a0d734f6054870d7ecb75cf18
  FeedKit: 9be69ab57ef0eb922ee4b6c31cb6b8840a5bbb29
  Kingfisher: c148cd7b47ebde9989f6bc7c27dcaa79d81279a0

PODFILE CHECKSUM: cf19f11366ced6c62c1f646d1f935b0f1b5cdce0

COCOAPODS: 1.15.2
